
Microsoft Visual Studio Solution File, Format Version 12.00
# Visual Studio Version 17
VisualStudioVersion = 17.4.33213.308
MinimumVisualStudioVersion = 10.0.40219.1
Project("{FAE04EC0-301F-11D3-BF4B-00C04F79EFBC}") = "chcommerce-api", "chcommerce-api\chcommerce-api.csproj", "{1551406C-3E3F-4DB9-B5BC-6713D494C997}"
EndProject
Global
	GlobalSection(SolutionConfigurationPlatforms) = preSolution
		Debug|Any CPU = Debug|Any CPU
		Release|Any CPU = Release|Any CPU
	EndGlobalSection
	GlobalSection(ProjectConfigurationPlatforms) = postSolution
		{1551406C-3E3F-4DB9-B5BC-6713D494C997}.Debug|Any CPU.ActiveCfg = Debug|Any CPU
		{1551406C-3E3F-4DB9-B5BC-6713D494C997}.Debug|Any CPU.Build.0 = Debug|Any CPU
		{1551406C-3E3F-4DB9-B5BC-6713D494C997}.Release|Any CPU.ActiveCfg = Release|Any CPU
		{1551406C-3E3F-4DB9-B5BC-6713D494C997}.Release|Any CPU.Build.0 = Release|Any CPU
	EndGlobalSection
	GlobalSection(SolutionProperties) = preSolution
		HideSolutionNode = FALSE
	EndGlobalSection
	GlobalSection(ExtensibilityGlobals) = postSolution
		SolutionGuid = {D4759962-47F1-4276-AE1A-D974AC29EF2C}
	EndGlobalSection
EndGlobal
